
Microsoft Visual Studio Solution File, Format Version 12.00
# Visual Studio Version 17
VisualStudioVersion = 17.14.37111.16 d17.14
MinimumVisualStudioVersion = 10.0.40219.1
Project("{FAE04EC0-301F-11D3-BF4B-00C04F79EFBC}") = "CmdExecutor", "CmdExecutor.csproj", "{747E89D5-209C-4355-AF7B-F83F86FE5455}"
EndProject
Global
	GlobalSection(SolutionConfigurationPlatforms) = preSolution
		Debug|Any CPU = Debug|Any CPU
		Debug|x64 = Debug|x64
		Release|Any CPU = Release|Any CPU
		Release|x64 = Release|x64
	EndGlobalSection
	GlobalSection(ProjectConfigurationPlatforms) = postSolution
		{747E89D5-209C-4355-AF7B-F83F86FE5455}.Debug|Any CPU.ActiveCfg = Debug|Any CPU
		{747E89D5-209C-4355-AF7B-F83F86FE5455}.Debug|Any CPU.Build.0 = Debug|Any CPU
		{747E89D5-209C-4355-AF7B-F83F86FE5455}.Debug|x64.ActiveCfg = Debug|x64
		{747E89D5-209C-4355-AF7B-F83F86FE5455}.Debug|x64.Build.0 = Debug|x64
		{747E89D5-209C-4355-AF7B-F83F86FE5455}.Release|Any CPU.ActiveCfg = Release|Any CPU
		{747E89D5-209C-4355-AF7B-F83F86FE5455}.Release|Any CPU.Build.0 = Release|Any CPU
		{747E89D5-209C-4355-AF7B-F83F86FE5455}.Release|x64.ActiveCfg = Release|x64
		{747E89D5-209C-4355-AF7B-F83F86FE5455}.Release|x64.Build.0 = Release|x64
	EndGlobalSection
	GlobalSection(SolutionProperties) = preSolution
		HideSolutionNode = FALSE
	EndGlobalSection
	GlobalSection(ExtensibilityGlobals) = postSolution
		SolutionGuid = {D2BEB0DE-4E63-489F-B050-4D1B1B7783D9}
	EndGlobalSection
EndGlobal
